
Microsoft Visual Studio Solution File, Format Version 12.00
# Visual Studio 15
VisualStudioVersion = 15.0.28010.2048
MinimumVisualStudioVersion = 10.0.40219.1
Project("{FAE04EC0-301F-11D3-BF4B-00C04F79EFBC}") = "TestExpressions", "TestExpressions\TestExpressions.csproj", "{2689F959-5237-4913-872D-5C3EBE33B365}"
EndProject
Project("{2150E333-8FDC-42A3-9474-1A3956D46DE8}") = "others", "others", "{AE6C2BDE-E37B-4C17-B281-47AB36AFAB4F}"
	ProjectSection(SolutionItems) = preProject
		TODO = TODO
		VERSIONS = VERSIONS
	EndProjectSection
EndProject
Project("{FAE04EC0-301F-11D3-BF4B-00C04F79EFBC}") = "Algebra.Android", "Algebra\Algebra.Android\Algebra.Android.csproj", "{24CE3C36-16B9-426D-AA0C-5961ECF8D88C}"
EndProject
Project("{FAE04EC0-301F-11D3-BF4B-00C04F79EFBC}") = "Algebra.iOS", "Algebra\Algebra.iOS\Algebra.iOS.csproj", "{8E000345-78EA-4869-A9A8-FD8E55C5176B}"
EndProject
Project("{FAE04EC0-301F-11D3-BF4B-00C04F79EFBC}") = "Algebra.UWP", "Algebra\Algebra.UWP\Algebra.UWP.csproj", "{64DD075A-6B16-442E-B429-ED178BEEA4BF}"
EndProject
Project("{FAE04EC0-301F-11D3-BF4B-00C04F79EFBC}") = "Algebra", "Algebra\Algebra\Algebra.csproj", "{5FBFF1A1-6341-4F7C-9A28-18AD87ED45B5}"
EndProject
Project("{FAE04EC0-301F-11D3-BF4B-00C04F79EFBC}") = "Algebra.GTK", "Algebra\Algebra.GTK\Algebra.GTK.csproj", "{6293BEF4-F187-4698-BF2B-C3ECA0E40EF3}"
EndProject
Project("{2150E333-8FDC-42A3-9474-1A3956D46DE8}") = "Test", "Test", "{12C0F4E2-7C5E-4E43-9158-55C63F6DB032}"
EndProject
Project("{FAE04EC0-301F-11D3-BF4B-00C04F79EFBC}") = "TestExpressions", "Test\TestExpressions\TestExpressions.csproj", "{61DA4E24-2506-449C-8A6E-27F28EA83FB6}"
EndProject
Global
	GlobalSection(SolutionConfigurationPlatforms) = preSolution
		Debug|Any CPU = Debug|Any CPU
		Debug|ARM = Debug|ARM
		Debug|iPhone = Debug|iPhone
		Debug|iPhoneSimulator = Debug|iPhoneSimulator
		Debug|x64 = Debug|x64
		Debug|x86 = Debug|x86
		Release|Any CPU = Release|Any CPU
		Release|ARM = Release|ARM
		Release|iPhone = Release|iPhone
		Release|iPhoneSimulator = Release|iPhoneSimulator
		Release|x64 = Release|x64
		Release|x86 = Release|x86
	EndGlobalSection
	GlobalSection(ProjectConfigurationPlatforms) = postSolution
		{2689F959-5237-4913-872D-5C3EBE33B365}.Debug|Any CPU.ActiveCfg = Debug|Any CPU
		{2689F959-5237-4913-872D-5C3EBE33B365}.Debug|Any CPU.Build.0 = Debug|Any CPU
		{2689F959-5237-4913-872D-5C3EBE33B365}.Debug|ARM.ActiveCfg = Debug|Any CPU
		{2689F959-5237-4913-872D-5C3EBE33B365}.Debug|ARM.Build.0 = Debug|Any CPU
		{2689F959-5237-4913-872D-5C3EBE33B365}.Debug|iPhone.ActiveCfg = Debug|Any CPU
		{2689F959-5237-4913-872D-5C3EBE33B365}.Debug|iPhone.Build.0 = Debug|Any CPU
		{2689F959-5237-4913-872D-5C3EBE33B365}.Debug|iPhoneSimulator.ActiveCfg = Debug|Any CPU
		{2689F959-5237-4913-872D-5C3EBE33B365}.Debug|iPhoneSimulator.Build.0 = Debug|Any CPU
		{2689F959-5237-4913-872D-5C3EBE33B365}.Debug|x64.ActiveCfg = Debug|Any CPU
		{2689F959-5237-4913-872D-5C3EBE33B365}.Debug|x64.Build.0 = Debug|Any CPU
		{2689F959-5237-4913-872D-5C3EBE33B365}.Debug|x86.ActiveCfg = Debug|Any CPU
		{2689F959-5237-4913-872D-5C3EBE33B365}.Debug|x86.Build.0 = Debug|Any CPU
		{2689F959-5237-4913-872D-5C3EBE33B365}.Release|Any CPU.ActiveCfg = Release|Any CPU
		{2689F959-5237-4913-872D-5C3EBE33B365}.Release|Any CPU.Build.0 = Release|Any CPU
		{2689F959-5237-4913-872D-5C3EBE33B365}.Release|ARM.ActiveCfg = Release|Any CPU
		{2689F959-5237-4913-872D-5C3EBE33B365}.Release|ARM.Build.0 = Release|Any CPU
		{2689F959-5237-4913-872D-5C3EBE33B365}.Release|iPhone.ActiveCfg = Release|Any CPU
		{2689F959-5237-4913-872D-5C3EBE33B365}.Release|iPhone.Build.0 = Release|Any CPU
		{2689F959-5237-4913-872D-5C3EBE33B365}.Release|iPhoneSimulator.ActiveCfg = Release|Any CPU
		{2689F959-5237-4913-872D-5C3EBE33B365}.Release|iPhoneSimulator.Build.0 = Release|Any CPU
		{2689F959-5237-4913-872D-5C3EBE33B365}.Release|x64.ActiveCfg = Release|Any CPU
		{2689F959-5237-4913-872D-5C3EBE33B365}.Release|x64.Build.0 = Release|Any CPU
		{2689F959-5237-4913-872D-5C3EBE33B365}.Release|x86.ActiveCfg = Release|Any CPU
		{2689F959-5237-4913-872D-5C3EBE33B365}.Release|x86.Build.0 = Release|Any CPU
		{24CE3C36-16B9-426D-AA0C-5961ECF8D88C}.Debug|Any CPU.ActiveCfg = Debug|Any CPU
		{24CE3C36-16B9-426D-AA0C-5961ECF8D88C}.Debug|Any CPU.Build.0 = Debug|Any CPU
		{24CE3C36-16B9-426D-AA0C-5961ECF8D88C}.Debug|Any CPU.Deploy.0 = Debug|Any CPU
		{24CE3C36-16B9-426D-AA0C-5961ECF8D88C}.Debug|ARM.ActiveCfg = Debug|Any CPU
		{24CE3C36-16B9-426D-AA0C-5961ECF8D88C}.Debug|ARM.Build.0 = Debug|Any CPU
		{24CE3C36-16B9-426D-AA0C-5961ECF8D88C}.Debug|ARM.Deploy.0 = Debug|Any CPU
		{24CE3C36-16B9-426D-AA0C-5961ECF8D88C}.Debug|iPhone.ActiveCfg = Debug|Any CPU
		{24CE3C36-16B9-426D-AA0C-5961ECF8D88C}.Debug|iPhone.Build.0 = Debug|Any CPU
		{24CE3C36-16B9-426D-AA0C-5961ECF8D88C}.Debug|iPhone.Deploy.0 = Debug|Any CPU
		{24CE3C36-16B9-426D-AA0C-5961ECF8D88C}.Debug|iPhoneSimulator.ActiveCfg = Debug|Any CPU
		{24CE3C36-16B9-426D-AA0C-5961ECF8D88C}.Debug|iPhoneSimulator.Build.0 = Debug|Any CPU
		{24CE3C36-16B9-426D-AA0C-5961ECF8D88C}.Debug|iPhoneSimulator.Deploy.0 = Debug|Any CPU
		{24CE3C36-16B9-426D-AA0C-5961ECF8D88C}.Debug|x64.ActiveCfg = Debug|Any CPU
		{24CE3C36-16B9-426D-AA0C-5961ECF8D88C}.Debug|x64.Build.0 = Debug|Any CPU
		{24CE3C36-16B9-426D-AA0C-5961ECF8D88C}.Debug|x64.Deploy.0 = Debug|Any CPU
		{24CE3C36-16B9-426D-AA0C-5961ECF8D88C}.Debug|x86.ActiveCfg = Debug|Any CPU
		{24CE3C36-16B9-426D-AA0C-5961ECF8D88C}.Debug|x86.Build.0 = Debug|Any CPU
		{24CE3C36-16B9-426D-AA0C-5961ECF8D88C}.Debug|x86.Deploy.0 = Debug|Any CPU
		{24CE3C36-16B9-426D-AA0C-5961ECF8D88C}.Release|Any CPU.ActiveCfg = Release|Any CPU
		{24CE3C36-16B9-426D-AA0C-5961ECF8D88C}.Release|Any CPU.Build.0 = Release|Any CPU
		{24CE3C36-16B9-426D-AA0C-5961ECF8D88C}.Release|Any CPU.Deploy.0 = Release|Any CPU
		{24CE3C36-16B9-426D-AA0C-5961ECF8D88C}.Release|ARM.ActiveCfg = Release|Any CPU
		{24CE3C36-16B9-426D-AA0C-5961ECF8D88C}.Release|ARM.Build.0 = Release|Any CPU
		{24CE3C36-16B9-426D-AA0C-5961ECF8D88C}.Release|ARM.Deploy.0 = Release|Any CPU
		{24CE3C36-16B9-426D-AA0C-5961ECF8D88C}.Release|iPhone.ActiveCfg = Release|Any CPU
		{24CE3C36-16B9-426D-AA0C-5961ECF8D88C}.Release|iPhone.Build.0 = Release|Any CPU
		{24CE3C36-16B9-426D-AA0C-5961ECF8D88C}.Release|iPhone.Deploy.0 = Release|Any CPU
		{24CE3C36-16B9-426D-AA0C-5961ECF8D88C}.Release|iPhoneSimulator.ActiveCfg = Release|Any CPU
		{24CE3C36-16B9-426D-AA0C-5961ECF8D88C}.Release|iPhoneSimulator.Build.0 = Release|Any CPU
		{24CE3C36-16B9-426D-AA0C-5961ECF8D88C}.Release|iPhoneSimulator.Deploy.0 = Release|Any CPU
		{24CE3C36-16B9-426D-AA0C-5961ECF8D88C}.Release|x64.ActiveCfg = Release|Any CPU
		{24CE3C36-16B9-426D-AA0C-5961ECF8D88C}.Release|x64.Build.0 = Release|Any CPU
		{24CE3C36-16B9-426D-AA0C-5961ECF8D88C}.Release|x64.Deploy.0 = Release|Any CPU
		{24CE3C36-16B9-426D-AA0C-5961ECF8D88C}.Release|x86.ActiveCfg = Release|Any CPU
		{24CE3C36-16B9-426D-AA0C-5961ECF8D88C}.Release|x86.Build.0 = Release|Any CPU
		{24CE3C36-16B9-426D-AA0C-5961ECF8D88C}.Release|x86.Deploy.0 = Release|Any CPU
		{8E000345-78EA-4869-A9A8-FD8E55C5176B}.Debug|Any CPU.ActiveCfg = Debug|iPhone
		{8E000345-78EA-4869-A9A8-FD8E55C5176B}.Debug|ARM.ActiveCfg = Debug|iPhone
		{8E000345-78EA-4869-A9A8-FD8E55C5176B}.Debug|iPhone.ActiveCfg = Debug|iPhone
		{8E000345-78EA-4869-A9A8-FD8E55C5176B}.Debug|iPhone.Build.0 = Debug|iPhone
		{8E000345-78EA-4869-A9A8-FD8E55C5176B}.Debug|iPhoneSimulator.ActiveCfg = Debug|iPhoneSimulator
		{8E000345-78EA-4869-A9A8-FD8E55C5176B}.Debug|iPhoneSimulator.Build.0 = Debug|iPhoneSimulator
		{8E000345-78EA-4869-A9A8-FD8E55C5176B}.Debug|x64.ActiveCfg = Debug|iPhone
		{8E000345-78EA-4869-A9A8-FD8E55C5176B}.Debug|x86.ActiveCfg = Debug|iPhone
		{8E000345-78EA-4869-A9A8-FD8E55C5176B}.Release|Any CPU.ActiveCfg = Release|iPhone
		{8E000345-78EA-4869-A9A8-FD8E55C5176B}.Release|ARM.ActiveCfg = Release|iPhone
		{8E000345-78EA-4869-A9A8-FD8E55C5176B}.Release|iPhone.ActiveCfg = Release|iPhone
		{8E000345-78EA-4869-A9A8-FD8E55C5176B}.Release|iPhone.Build.0 = Release|iPhone
		{8E000345-78EA-4869-A9A8-FD8E55C5176B}.Release|iPhoneSimulator.ActiveCfg = Release|iPhoneSimulator
		{8E000345-78EA-4869-A9A8-FD8E55C5176B}.Release|iPhoneSimulator.Build.0 = Release|iPhoneSimulator
		{8E000345-78EA-4869-A9A8-FD8E55C5176B}.Release|x64.ActiveCfg = Release|iPhone
		{8E000345-78EA-4869-A9A8-FD8E55C5176B}.Release|x86.ActiveCfg = Release|iPhone
		{64DD075A-6B16-442E-B429-ED178BEEA4BF}.Debug|Any CPU.ActiveCfg = Debug|x86
		{64DD075A-6B16-442E-B429-ED178BEEA4BF}.Debug|ARM.ActiveCfg = Debug|ARM
		{64DD075A-6B16-442E-B429-ED178BEEA4BF}.Debug|ARM.Build.0 = Debug|ARM
		{64DD075A-6B16-442E-B429-ED178BEEA4BF}.Debug|ARM.Deploy.0 = Debug|ARM
		{64DD075A-6B16-442E-B429-ED178BEEA4BF}.Debug|iPhone.ActiveCfg = Debug|x86
		{64DD075A-6B16-442E-B429-ED178BEEA4BF}.Debug|iPhoneSimulator.ActiveCfg = Debug|x86
		{64DD075A-6B16-442E-B429-ED178BEEA4BF}.Debug|x64.ActiveCfg = Debug|x64
		{64DD075A-6B16-442E-B429-ED178BEEA4BF}.Debug|x64.Build.0 = Debug|x64
		{64DD075A-6B16-442E-B429-ED178BEEA4BF}.Debug|x64.Deploy.0 = Debug|x64
		{64DD075A-6B16-442E-B429-ED178BEEA4BF}.Debug|x86.ActiveCfg = Debug|x86
		{64DD075A-6B16-442E-B429-ED178BEEA4BF}.Debug|x86.Build.0 = Debug|x86
		{64DD075A-6B16-442E-B429-ED178BEEA4BF}.Debug|x86.Deploy.0 = Debug|x86
		{64DD075A-6B16-442E-B429-ED178BEEA4BF}.Release|Any CPU.ActiveCfg = Release|x86
		{64DD075A-6B16-442E-B429-ED178BEEA4BF}.Release|ARM.ActiveCfg = Release|ARM
		{64DD075A-6B16-442E-B429-ED178BEEA4BF}.Release|ARM.Build.0 = Release|ARM
		{64DD075A-6B16-442E-B429-ED178BEEA4BF}.Release|ARM.Deploy.0 = Release|ARM
		{64DD075A-6B16-442E-B429-ED178BEEA4BF}.Release|iPhone.ActiveCfg = Release|x86
		{64DD075A-6B16-442E-B429-ED178BEEA4BF}.Release|iPhoneSimulator.ActiveCfg = Release|x86
		{64DD075A-6B16-442E-B429-ED178BEEA4BF}.Release|x64.ActiveCfg = Release|x64
		{64DD075A-6B16-442E-B429-ED178BEEA4BF}.Release|x64.Build.0 = Release|x64
		{64DD075A-6B16-442E-B429-ED178BEEA4BF}.Release|x64.Deploy.0 = Release|x64
		{64DD075A-6B16-442E-B429-ED178BEEA4BF}.Release|x86.ActiveCfg = Release|x86
		{64DD075A-6B16-442E-B429-ED178BEEA4BF}.Release|x86.Build.0 = Release|x86
		{64DD075A-6B16-442E-B429-ED178BEEA4BF}.Release|x86.Deploy.0 = Release|x86
		{5FBFF1A1-6341-4F7C-9A28-18AD87ED45B5}.Debug|Any CPU.ActiveCfg = Debug|Any CPU
		{5FBFF1A1-6341-4F7C-9A28-18AD87ED45B5}.Debug|Any CPU.Build.0 = Debug|Any CPU
		{5FBFF1A1-6341-4F7C-9A28-18AD87ED45B5}.Debug|ARM.ActiveCfg = Debug|Any CPU
		{5FBFF1A1-6341-4F7C-9A28-18AD87ED45B5}.Debug|ARM.Build.0 = Debug|Any CPU
		{5FBFF1A1-6341-4F7C-9A28-18AD87ED45B5}.Debug|iPhone.ActiveCfg = Debug|Any CPU
		{5FBFF1A1-6341-4F7C-9A28-18AD87ED45B5}.Debug|iPhone.Build.0 = Debug|Any CPU
		{5FBFF1A1-6341-4F7C-9A28-18AD87ED45B5}.Debug|iPhoneSimulator.ActiveCfg = Debug|Any CPU
		{5FBFF1A1-6341-4F7C-9A28-18AD87ED45B5}.Debug|iPhoneSimulator.Build.0 = Debug|Any CPU
		{5FBFF1A1-6341-4F7C-9A28-18AD87ED45B5}.Debug|x64.ActiveCfg = Debug|Any CPU
		{5FBFF1A1-6341-4F7C-9A28-18AD87ED45B5}.Debug|x64.Build.0 = Debug|Any CPU
		{5FBFF1A1-6341-4F7C-9A28-18AD87ED45B5}.Debug|x86.ActiveCfg = Debug|Any CPU
		{5FBFF1A1-6341-4F7C-9A28-18AD87ED45B5}.Debug|x86.Build.0 = Debug|Any CPU
		{5FBFF1A1-6341-4F7C-9A28-18AD87ED45B5}.Release|Any CPU.ActiveCfg = Release|Any CPU
		{5FBFF1A1-6341-4F7C-9A28-18AD87ED45B5}.Release|Any CPU.Build.0 = Release|Any CPU
		{5FBFF1A1-6341-4F7C-9A28-18AD87ED45B5}.Release|ARM.ActiveCfg = Release|Any CPU
		{5FBFF1A1-6341-4F7C-9A28-18AD87ED45B5}.Release|ARM.Build.0 = Release|Any CPU
		{5FBFF1A1-6341-4F7C-9A28-18AD87ED45B5}.Release|iPhone.ActiveCfg = Release|Any CPU
		{5FBFF1A1-6341-4F7C-9A28-18AD87ED45B5}.Release|iPhone.Build.0 = Release|Any CPU
		{5FBFF1A1-6341-4F7C-9A28-18AD87ED45B5}.Release|iPhoneSimulator.ActiveCfg = Release|Any CPU
		{5FBFF1A1-6341-4F7C-9A28-18AD87ED45B5}.Release|iPhoneSimulator.Build.0 = Release|Any CPU
		{5FBFF1A1-6341-4F7C-9A28-18AD87ED45B5}.Release|x64.ActiveCfg = Release|Any CPU
		{5FBFF1A1-6341-4F7C-9A28-18AD87ED45B5}.Release|x64.Build.0 = Release|Any CPU
		{5FBFF1A1-6341-4F7C-9A28-18AD87ED45B5}.Release|x86.ActiveCfg = Release|Any CPU
		{5FBFF1A1-6341-4F7C-9A28-18AD87ED45B5}.Release|x86.Build.0 = Release|Any CPU
		{6293BEF4-F187-4698-BF2B-C3ECA0E40EF3}.Debug|Any CPU.ActiveCfg = Debug|Any CPU
		{6293BEF4-F187-4698-BF2B-C3ECA0E40EF3}.Debug|Any CPU.Build.0 = Debug|Any CPU
		{6293BEF4-F187-4698-BF2B-C3ECA0E40EF3}.Debug|ARM.ActiveCfg = Debug|Any CPU
		{6293BEF4-F187-4698-BF2B-C3ECA0E40EF3}.Debug|ARM.Build.0 = Debug|Any CPU
		{6293BEF4-F187-4698-BF2B-C3ECA0E40EF3}.Debug|iPhone.ActiveCfg = Debug|Any CPU
		{6293BEF4-F187-4698-BF2B-C3ECA0E40EF3}.Debug|iPhone.Build.0 = Debug|Any CPU
		{6293BEF4-F187-4698-BF2B-C3ECA0E40EF3}.Debug|iPhoneSimulator.ActiveCfg = Debug|Any CPU
		{6293BEF4-F187-4698-BF2B-C3ECA0E40EF3}.Debug|iPhoneSimulator.Build.0 = Debug|Any CPU
		{6293BEF4-F187-4698-BF2B-C3ECA0E40EF3}.Debug|x64.ActiveCfg = Debug|Any CPU
		{6293BEF4-F187-4698-BF2B-C3ECA0E40EF3}.Debug|x64.Build.0 = Debug|Any CPU
		{6293BEF4-F187-4698-BF2B-C3ECA0E40EF3}.Debug|x86.ActiveCfg = Debug|Any CPU
		{6293BEF4-F187-4698-BF2B-C3ECA0E40EF3}.Debug|x86.Build.0 = Debug|Any CPU
		{6293BEF4-F187-4698-BF2B-C3ECA0E40EF3}.Release|Any CPU.ActiveCfg = Release|Any CPU
		{6293BEF4-F187-4698-BF2B-C3ECA0E40EF3}.Release|Any CPU.Build.0 = Release|Any CPU
		{6293BEF4-F187-4698-BF2B-C3ECA0E40EF3}.Release|ARM.ActiveCfg = Release|Any CPU
		{6293BEF4-F187-4698-BF2B-C3ECA0E40EF3}.Release|ARM.Build.0 = Release|Any CPU
		{6293BEF4-F187-4698-BF2B-C3ECA0E40EF3}.Release|iPhone.ActiveCfg = Release|Any CPU
		{6293BEF4-F187-4698-BF2B-C3ECA0E40EF3}.Release|iPhone.Build.0 = Release|Any CPU
		{6293BEF4-F187-4698-BF2B-C3ECA0E40EF3}.Release|iPhoneSimulator.ActiveCfg = Release|Any CPU
		{6293BEF4-F187-4698-BF2B-C3ECA0E40EF3}.Release|iPhoneSimulator.Build.0 = Release|Any CPU
		{6293BEF4-F187-4698-BF2B-C3ECA0E40EF3}.Release|x64.ActiveCfg = Release|Any CPU
		{6293BEF4-F187-4698-BF2B-C3ECA0E40EF3}.Release|x64.Build.0 = Release|Any CPU
		{6293BEF4-F187-4698-BF2B-C3ECA0E40EF3}.Release|x86.ActiveCfg = Release|Any CPU
		{6293BEF4-F187-4698-BF2B-C3ECA0E40EF3}.Release|x86.Build.0 = Release|Any CPU
		{61DA4E24-2506-449C-8A6E-27F28EA83FB6}.Debug|Any CPU.ActiveCfg = Debug|Any CPU
		{61DA4E24-2506-449C-8A6E-27F28EA83FB6}.Debug|Any CPU.Build.0 = Debug|Any CPU
		{61DA4E24-2506-449C-8A6E-27F28EA83FB6}.Debug|ARM.ActiveCfg = Debug|Any CPU
		{61DA4E24-2506-449C-8A6E-27F28EA83FB6}.Debug|ARM.Build.0 = Debug|Any CPU
		{61DA4E24-2506-449C-8A6E-27F28EA83FB6}.Debug|iPhone.ActiveCfg = Debug|Any CPU
		{61DA4E24-2506-449C-8A6E-27F28EA83FB6}.Debug|iPhone.Build.0 = Debug|Any CPU
		{61DA4E24-2506-449C-8A6E-27F28EA83FB6}.Debug|iPhoneSimulator.ActiveCfg = Debug|Any CPU
		{61DA4E24-2506-449C-8A6E-27F28EA83FB6}.Debug|iPhoneSimulator.Build.0 = Debug|Any CPU
		{61DA4E24-2506-449C-8A6E-27F28EA83FB6}.Debug|x64.ActiveCfg = Debug|Any CPU
		{61DA4E24-2506-449C-8A6E-27F28EA83FB6}.Debug|x64.Build.0 = Debug|Any CPU
		{61DA4E24-2506-449C-8A6E-27F28EA83FB6}.Debug|x86.ActiveCfg = Debug|Any CPU
		{61DA4E24-2506-449C-8A6E-27F28EA83FB6}.Debug|x86.Build.0 = Debug|Any CPU
		{61DA4E24-2506-449C-8A6E-27F28EA83FB6}.Release|Any CPU.ActiveCfg = Release|Any CPU
		{61DA4E24-2506-449C-8A6E-27F28EA83FB6}.Release|Any CPU.Build.0 = Release|Any CPU
		{61DA4E24-2506-449C-8A6E-27F28EA83FB6}.Release|ARM.ActiveCfg = Release|Any CPU
		{61DA4E24-2506-449C-8A6E-27F28EA83FB6}.Release|ARM.Build.0 = Release|Any CPU
		{61DA4E24-2506-449C-8A6E-27F28EA83FB6}.Release|iPhone.ActiveCfg = Release|Any CPU
		{61DA4E24-2506-449C-8A6E-27F28EA83FB6}.Release|iPhone.Build.0 = Release|Any CPU
		{61DA4E24-2506-449C-8A6E-27F28EA83FB6}.Release|iPhoneSimulator.ActiveCfg = Release|Any CPU
		{61DA4E24-2506-449C-8A6E-27F28EA83FB6}.Release|iPhoneSimulator.Build.0 = Release|Any CPU
		{61DA4E24-2506-449C-8A6E-27F28EA83FB6}.Release|x64.ActiveCfg = Release|Any CPU
		{61DA4E24-2506-449C-8A6E-27F28EA83FB6}.Release|x64.Build.0 = Release|Any CPU
		{61DA4E24-2506-449C-8A6E-27F28EA83FB6}.Release|x86.ActiveCfg = Release|Any CPU
		{61DA4E24-2506-449C-8A6E-27F28EA83FB6}.Release|x86.Build.0 = Release|Any CPU
	EndGlobalSection
	GlobalSection(SolutionProperties) = preSolution
		HideSolutionNode = FALSE
	EndGlobalSection
	GlobalSection(NestedProjects) = preSolution
		{61DA4E24-2506-449C-8A6E-27F28EA83FB6} = {12C0F4E2-7C5E-4E43-9158-55C63F6DB032}
	EndGlobalSection
	GlobalSection(ExtensibilityGlobals) = postSolution
		SolutionGuid = {41572E65-2D04-4E1C-A800-CD3725270A4F}
	EndGlobalSection
EndGlobal
