
Microsoft Visual Studio Solution File, Format Version 12.00
# Visual Studio Version 16
VisualStudioVersion = 16.0.29806.167
MinimumVisualStudioVersion = 10.0.40219.1
Project("{9A19103F-16F7-4668-BE54-9A1E7A4F7556}") = "Algebra.App", "Algebra.App\Algebra.App.csproj", "{62A61496-D036-46B3-8BE5-A91A037F5FE0}"
EndProject
Project("{FAE04EC0-301F-11D3-BF4B-00C04F79EFBC}") = "Algebra.Core", "Algebra.Core\Algebra.Core.csproj", "{DC7F4B12-00A9-4DAC-8F1F-3837D78D9E53}"
EndProject
Global
	GlobalSection(SolutionConfigurationPlatforms) = preSolution
		Debug|Any CPU = Debug|Any CPU
		Release|Any CPU = Release|Any CPU
	EndGlobalSection
	GlobalSection(ProjectConfigurationPlatforms) = postSolution
		{62A61496-D036-46B3-8BE5-A91A037F5FE0}.Debug|Any CPU.ActiveCfg = Debug|Any CPU
		{62A61496-D036-46B3-8BE5-A91A037F5FE0}.Debug|Any CPU.Build.0 = Debug|Any CPU
		{62A61496-D036-46B3-8BE5-A91A037F5FE0}.Release|Any CPU.ActiveCfg = Release|Any CPU
		{62A61496-D036-46B3-8BE5-A91A037F5FE0}.Release|Any CPU.Build.0 = Release|Any CPU
		{DC7F4B12-00A9-4DAC-8F1F-3837D78D9E53}.Debug|Any CPU.ActiveCfg = Debug|Any CPU
		{DC7F4B12-00A9-4DAC-8F1F-3837D78D9E53}.Debug|Any CPU.Build.0 = Debug|Any CPU
		{DC7F4B12-00A9-4DAC-8F1F-3837D78D9E53}.Release|Any CPU.ActiveCfg = Release|Any CPU
		{DC7F4B12-00A9-4DAC-8F1F-3837D78D9E53}.Release|Any CPU.Build.0 = Release|Any CPU
	EndGlobalSection
	GlobalSection(SolutionProperties) = preSolution
		HideSolutionNode = FALSE
	EndGlobalSection
	GlobalSection(ExtensibilityGlobals) = postSolution
		SolutionGuid = {FA3D0E55-5FA9-4F04-895E-817391E602DE}
	EndGlobalSection
EndGlobal
